{
    "_readme": [
        "This file locks the dependencies of your project to a known state",
        "Read more about it at https://getcomposer.org/doc/01-basic-usage.md#installing-dependencies",
        "This file is @generated automatically"
    ],
    "content-hash": "c8cb2176abf25f1ab7b5423410bb1743",
    "packages": [
        {
            "name": "luxor/collections",
            "version": "0.2",
            "source": {
                "type": "git",
                "url": "https://github.com/luxorphp/collections.git",
                "reference": "c97898fbf984484158e6abaf0c837b82f4690faf"
            },
            "dist": {
                "type": "zip",
                "url": "https://api.github.com/repos/luxorphp/collections/zipball/c97898fbf984484158e6abaf0c837b82f4690faf",
                "reference": "c97898fbf984484158e6abaf0c837b82f4690faf",
                "shasum": ""
            },
            "require": {
                "php": "^7.0"
            },
            "require-dev": {
                "phpunit/phpunit": "^4.8"
            },
            "type": "library",
            "autoload": {
                "psr-4": {
                    "Luxor\\": "src/"
                }
            },
            "notification-url": "https://packagist.org/downloads/",
            "license": [
                "Apache-2.0"
            ],
            "authors": [
                {
                    "name": "Brayan Martinez",
                    "email": "brayanmartinez827@gmail.com"
                }
            ],
            "description": "Modulo para la gestión de colecciones y estructuras de datos en PHP. Aun en desarrollo ne se recomienda su uso.",
            "homepage": "https://github.com/luxorphp/collections",
            "keywords": [
                "data-structure",
                "luxor"
            ],
            "time": "2018-06-05T23:35:50+00:00"
        },
        {
            "name": "luxor/http-controller",
            "version": "0.1",
            "source": {
                "type": "git",
                "url": "https://github.com/luxorphp/http-controller.git",
                "reference": "418e3faad2906fa41200d6a6f050557b0286b50a"
            },
            "dist": {
                "type": "zip",
                "url": "https://api.github.com/repos/luxorphp/http-controller/zipball/418e3faad2906fa41200d6a6f050557b0286b50a",
                "reference": "418e3faad2906fa41200d6a6f050557b0286b50a",
                "shasum": ""
            },
            "require": {
                "luxor/collections": "^0.2",
                "php": "^7.0"
            },
            "require-dev": {
                "luxor/mysql": "^0.1",
                "phpunit/phpunit": "^4.8"
            },
            "type": "library",
            "autoload": {
                "psr-4": {
                    "Luxor\\": "src/"
                }
            },
            "notification-url": "https://packagist.org/downloads/",
            "license": [
                "Apache-2.0"
            ],
            "authors": [
                {
                    "name": "Brayan Martinez",
                    "email": "brayanmartinez827@gmail.com"
                }
            ],
            "description": "Módulo para crear un controlador frontal que trabaje sobre http. Aun en desarrollo ne se recomienda su uso",
            "homepage": "https://github.com/luxor-php/http-controller",
            "keywords": [
                "https",
                "luxor"
            ],
            "time": "2018-06-07T22:37:12+00:00"
        },
        {
            "name": "luxor/mysql",
            "version": "0.1",
            "source": {
                "type": "git",
                "url": "https://github.com/luxorphp/mysql.git",
                "reference": "833f7d48c064e5d3ae82ce391d6aad31e19adbfc"
            },
            "dist": {
                "type": "zip",
                "url": "https://api.github.com/repos/luxorphp/mysql/zipball/833f7d48c064e5d3ae82ce391d6aad31e19adbfc",
                "reference": "833f7d48c064e5d3ae82ce391d6aad31e19adbfc",
                "shasum": ""
            },
            "require": {
                "luxor/sql": "^0.1",
                "php": "^7.0"
            },
            "require-dev": {
                "phpunit/phpunit": "^4.8"
            },
            "type": "library",
            "autoload": {
                "psr-4": {
                    "Luxor\\": "src/"
                }
            },
            "notification-url": "https://packagist.org/downloads/",
            "license": [
                "Apache-2.0"
            ],
            "authors": [
                {
                    "name": "Brayan Martinez",
                    "email": "brayanmartinez827@gmail.com"
                }
            ],
            "description": "Implementación concreta del modulo SQL para la gestion de base de datos MySQL. Aun en desarrollo ne se recomienda su uso.",
            "homepage": "https://github.com/luxorphp/mysql",
            "keywords": [
                "luxor",
                "mysql",
                "sql"
            ],
            "time": "2018-06-04T19:34:51+00:00"
        },
        {
            "name": "luxor/sql",
            "version": "0.1",
            "source": {
                "type": "git",
                "url": "https://github.com/luxorphp/sql.git",
                "reference": "b5c9cf7eef194f813815642b8cf7b916ad0bd5d2"
            },
            "dist": {
                "type": "zip",
                "url": "https://api.github.com/repos/luxorphp/sql/zipball/b5c9cf7eef194f813815642b8cf7b916ad0bd5d2",
                "reference": "b5c9cf7eef194f813815642b8cf7b916ad0bd5d2",
                "shasum": ""
            },
            "require": {
                "php": "^7.0"
            },
            "require-dev": {
                "phpunit/phpunit": "^4.8"
            },
            "type": "library",
            "autoload": {
                "psr-4": {
                    "Luxor\\": "src/"
                }
            },
            "notification-url": "https://packagist.org/downloads/",
            "license": [
                "Apache-2.0"
            ],
            "authors": [
                {
                    "name": "Brayan Martinez",
                    "email": "brayanmartinez827@gmail.com"
                }
            ],
            "description": "Modulo que establece un estándar, para la gestión de base de datos relacionales SQL. Aun en desarrollo ne se recomienda su uso",
            "homepage": "https://github.com/luxorphp/sql",
            "keywords": [
                "luxor",
                "sql"
            ],
            "time": "2018-06-04T19:01:09+00:00"
        },
        {
            "name": "phpmailer/phpmailer",
            "version": "v6.0.6",
            "source": {
                "type": "git",
                "url": "https://github.com/PHPMailer/PHPMailer.git",
                "reference": "8190d73eb5def11a43cfb020b7f36db65330698c"
            },
            "dist": {
                "type": "zip",
                "url": "https://api.github.com/repos/PHPMailer/PHPMailer/zipball/8190d73eb5def11a43cfb020b7f36db65330698c",
                "reference": "8190d73eb5def11a43cfb020b7f36db65330698c",
                "shasum": ""
            },
            "require": {
                "ext-ctype": "*",
                "ext-filter": "*",
                "php": ">=5.5.0"
            },
            "require-dev": {
                "doctrine/annotations": "1.2.*",
                "friendsofphp/php-cs-fixer": "^2.2",
                "phpdocumentor/phpdocumentor": "2.*",
                "phpunit/phpunit": "^4.8 || ^5.7",
                "zendframework/zend-eventmanager": "3.0.*",
                "zendframework/zend-i18n": "2.7.3",
                "zendframework/zend-serializer": "2.7.*"
            },
            "suggest": {
                "ext-mbstring": "Needed to send email in multibyte encoding charset",
                "hayageek/oauth2-yahoo": "Needed for Yahoo XOAUTH2 authentication",
                "league/oauth2-google": "Needed for Google XOAUTH2 authentication",
                "psr/log": "For optional PSR-3 debug logging",
                "stevenmaguire/oauth2-microsoft": "Needed for Microsoft XOAUTH2 authentication",
                "symfony/polyfill-mbstring": "To support UTF-8 if the Mbstring PHP extension is not enabled (^1.2)"
            },
            "type": "library",
            "autoload": {
                "psr-4": {
                    "PHPMailer\\PHPMailer\\": "src/"
                }
            },
            "notification-url": "https://packagist.org/downloads/",
            "license": [
                "LGPL-2.1"
            ],
            "authors": [
                {
                    "name": "Jim Jagielski",
                    "email": "jimjag@gmail.com"
                },
                {
                    "name": "Marcus Bointon",
                    "email": "phpmailer@synchromedia.co.uk"
                },
                {
                    "name": "Andy Prevost",
                    "email": "codeworxtech@users.sourceforge.net"
                },
                {
                    "name": "Brent R. Matzelle"
                }
            ],
            "description": "PHPMailer is a full-featured email creation and transfer class for PHP",
            "time": "2018-11-16T00:41:32+00:00"
        }
    ],
    "packages-dev": [],
    "aliases": [],
    "minimum-stability": "stable",
    "stability-flags": [],
    "prefer-stable": false,
    "prefer-lowest": false,
    "platform": [],
    "platform-dev": []
}
